// !$*UTF8*$!
{
	archiveVersion = 1;
	classes = {
	};
	objectVersion = 48;
	objects = {

/* Begin PBXBuildFile section */
		18F3BFE11FBF002F00536B57 /* AppDelegate.swift in Sources */ = {isa = PBXBuildFile; fileRef = 18F3BFE01FBF002F00536B57 /* AppDelegate.swift */; };
		18F3BFE31FBF002F00536B57 /* ViewController.swift in Sources */ = {isa = PBXBuildFile; fileRef = 18F3BFE21FBF002F00536B57 /* ViewController.swift */; };
		18F3BFE61FBF002F00536B57 /* Main.storyboard in Resources */ = {isa = PBXBuildFile; fileRef = 18F3BFE41FBF002F00536B57 /* Main.storyboard */; };
		18F3BFE91FBF002F00536B57 /* Let_sPlayAGame.xcdatamodeld in Sources */ = {isa = PBXBuildFile; fileRef = 18F3BFE71FBF002F00536B57 /* Let_sPlayAGame.xcdatamodeld */; };
		18F3BFEB1FBF002F00536B57 /* Assets.xcassets in Resources */ = {isa = PBXBuildFile; fileRef = 18F3BFEA1FBF002F00536B57 /* Assets.xcassets */; };
		18F3BFEE1FBF002F00536B57 /* LaunchScreen.storyboard in Resources */ = {isa = PBXBuildFile; fileRef = 18F3BFEC1FBF002F00536B57 /* LaunchScreen.storyboard */; };
		18F3BFF91FBF002F00536B57 /* Let_sPlayAGameTests.swift in Sources */ = {isa = PBXBuildFile; fileRef = 18F3BFF81FBF002F00536B57 /* Let_sPlayAGameTests.swift */; };
		18F3C0041FBF002F00536B57 /* Let_sPlayAGameUITests.swift in Sources */ = {isa = PBXBuildFile; fileRef = 18F3C0031FBF002F00536B57 /* Let_sPlayAGameUITests.swift */; };
/* End PBXBuildFile section */

/* Begin PBXContainerItemProxy section */
		18F3BFF51FBF002F00536B57 /* PBXContainerItemProxy */ = {
			isa = PBXContainerItemProxy;
			containerPortal = 18F3BFD51FBF002F00536B57 /* Project object */;
			proxyType = 1;
			remoteGlobalIDString = 18F3BFDC1FBF002F00536B57;
			remoteInfo = "Let'sPlayAGame";
		};
		18F3C0001FBF002F00536B57 /* PBXContainerItemProxy */ = {
			isa = PBXContainerItemProxy;
			containerPortal = 18F3BFD51FBF002F00536B57 /* Project object */;
			proxyType = 1;
			remoteGlobalIDString = 18F3BFDC1FBF002F00536B57;
			remoteInfo = "Let'sPlayAGame";
		};
/* End PBXContainerItemProxy section */

/* Begin PBXFileReference section */
		18F3BFDD1FBF002F00536B57 /* Let'sPlayAGame.app */ = {isa = PBXFileReference; explicitFileType = wrapper.application; includeInIndex = 0; path = "Let'sPlayAGame.app"; sourceTree = BUILT_PRODUCTS_DIR; };
		18F3BFE01FBF002F00536B57 /* AppDelegate.swift */ = {isa = PBXFileReference; lastKnownFileType = sourcecode.swift; path = AppDelegate.swift; sourceTree = "<group>"; };
		18F3BFE21FBF002F00536B57 /* ViewController.swift */ = {isa = PBXFileReference; lastKnownFileType = sourcecode.swift; path = ViewController.swift; sourceTree = "<group>"; };
		18F3BFE51FBF002F00536B57 /* Base */ = {isa = PBXFileReference; lastKnownFileType = file.storyboard; name = Base; path = Base.lproj/Main.storyboard; sourceTree = "<group>"; };
		18F3BFE81FBF002F00536B57 /* Let_sPlayAGame.xcdatamodel */ = {isa = PBXFileReference; lastKnownFileType = wrapper.xcdatamodel; path = Let_sPlayAGame.xcdatamodel; sourceTree = "<group>"; };
		18F3BFEA1FBF002F00536B57 /* Assets.xcassets */ = {isa = PBXFileReference; lastKnownFileType = folder.assetcatalog; path = Assets.xcassets; sourceTree = "<group>"; };
		18F3BFED1FBF002F00536B57 /* Base */ = {isa = PBXFileReference; lastKnownFileType = file.storyboard; name = Base; path = Base.lproj/LaunchScreen.storyboard; sourceTree = "<group>"; };
		18F3BFEF1FBF002F00536B57 /* Info.plist */ = {isa = PBXFileReference; lastKnownFileType = text.plist.xml; path = Info.plist; sourceTree = "<group>"; };
		18F3BFF41FBF002F00536B57 /* Let'sPlayAGameTests.xctest */ = {isa = PBXFileReference; explicitFileType = wrapper.cfbundle; includeInIndex = 0; path = "Let'sPlayAGameTests.xctest"; sourceTree = BUILT_PRODUCTS_DIR; };
		18F3BFF81FBF002F00536B57 /* Let_sPlayAGameTests.swift */ = {isa = PBXFileReference; lastKnownFileType = sourcecode.swift; path = Let_sPlayAGameTests.swift; sourceTree = "<group>"; };
		18F3BFFA1FBF002F00536B57 /* Info.plist */ = {isa = PBXFileReference; lastKnownFileType = text.plist.xml; path = Info.plist; sourceTree = "<group>"; };
		18F3BFFF1FBF002F00536B57 /* Let'sPlayAGameUITests.xctest */ = {isa = PBXFileReference; explicitFileType = wrapper.cfbundle; includeInIndex = 0; path = "Let'sPlayAGameUITests.xctest"; sourceTree = BUILT_PRODUCTS_DIR; };
		18F3C0031FBF002F00536B57 /* Let_sPlayAGameUITests.swift */ = {isa = PBXFileReference; lastKnownFileType = sourcecode.swift; path = Let_sPlayAGameUITests.swift; sourceTree = "<group>"; };
		18F3C0051FBF002F00536B57 /* Info.plist */ = {isa = PBXFileReference; lastKnownFileType = text.plist.xml; path = Info.plist; sourceTree = "<group>"; };
/* End PBXFileReference section */

/* Begin PBXFrameworksBuildPhase section */
		18F3BFDA1FBF002F00536B57 /* Frameworks */ = {
			isa = PBXFrameworksBuildPhase;
			buildActionMask = 2147483647;
			files = (
			);
			runOnlyForDeploymentPostprocessing = 0;
		};
		18F3BFF11FBF002F00536B57 /* Frameworks */ = {
			isa = PBXFrameworksBuildPhase;
			buildActionMask = 2147483647;
			files = (
			);
			runOnlyForDeploymentPostprocessing = 0;
		};
		18F3BFFC1FBF002F00536B57 /* Frameworks */ = {
			isa = PBXFrameworksBuildPhase;
			buildActionMask = 2147483647;
			files = (
			);
			runOnlyForDeploymentPostprocessing = 0;
		};
/* End PBXFrameworksBuildPhase section */

/* Begin PBXGroup section */
		18F3BFD41FBF002F00536B57 = {
			isa = PBXGroup;
			children = (
				18F3BFDF1FBF002F00536B57 /* Let'sPlayAGame */,
				18F3BFF71FBF002F00536B57 /* Let'sPlayAGameTests */,
				18F3C0021FBF002F00536B57 /* Let'sPlayAGameUITests */,
				18F3BFDE1FBF002F00536B57 /* Products */,
			);
			sourceTree = "<group>";
		};
		18F3BFDE1FBF002F00536B57 /* Products */ = {
			isa = PBXGroup;
			children = (
				18F3BFDD1FBF002F00536B57 /* Let'sPlayAGame.app */,
				18F3BFF41FBF002F00536B57 /* Let'sPlayAGameTests.xctest */,
				18F3BFFF1FBF002F00536B57 /* Let'sPlayAGameUITests.xctest */,
			);
			name = Products;
			sourceTree = "<group>";
		};
		18F3BFDF1FBF002F00536B57 /* Let'sPlayAGame */ = {
			isa = PBXGroup;
			children = (
				18F3BFE01FBF002F00536B57 /* AppDelegate.swift */,
				18F3BFE21FBF002F00536B57 /* ViewController.swift */,
				18F3BFE41FBF002F00536B57 /* Main.storyboard */,
				18F3BFEA1FBF002F00536B57 /* Assets.xcassets */,
				18F3BFEC1FBF002F00536B57 /* LaunchScreen.storyboard */,
				18F3BFEF1FBF002F00536B57 /* Info.plist */,
				18F3BFE71FBF002F00536B57 /* Let_sPlayAGame.xcdatamodeld */,
			);
			path = "Let'sPlayAGame";
			sourceTree = "<group>";
		};
		18F3BFF71FBF002F00536B57 /* Let'sPlayAGameTests */ = {
			isa = PBXGroup;
			children = (
				18F3BFF81FBF002F00536B57 /* Let_sPlayAGameTests.swift */,
				18F3BFFA1FBF002F00536B57 /* Info.plist */,
			);
			path = "Let'sPlayAGameTests";
			sourceTree = "<group>";
		};
		18F3C0021FBF002F00536B57 /* Let'sPlayAGameUITests */ = {
			isa = PBXGroup;
			children = (
				18F3C0031FBF002F00536B57 /* Let_sPlayAGameUITests.swift */,
				18F3C0051FBF002F00536B57 /* Info.plist */,
			);
			path = "Let'sPlayAGameUITests";
			sourceTree = "<group>";
		};
/* End PBXGroup section */

/* Begin PBXNativeTarget section */
		18F3BFDC1FBF002F00536B57 /* Let'sPlayAGame */ = {
			isa = PBXNativeTarget;
			buildConfigurationList = 18F3C0081FBF002F00536B57 /* Build configuration list for PBXNativeTarget "Let'sPlayAGame" */;
			buildPhases = (
				18F3BFD91FBF002F00536B57 /* Sources */,
				18F3BFDA1FBF002F00536B57 /* Frameworks */,
				18F3BFDB1FBF002F00536B57 /* Resources */,
			);
			buildRules = (
			);
			dependencies = (
			);
			name = "Let'sPlayAGame";
			productName = "Let'sPlayAGame";
			productReference = 18F3BFDD1FBF002F00536B57 /* Let'sPlayAGame.app */;
			productType = "com.apple.product-type.application";
		};
		18F3BFF31FBF002F00536B57 /* Let'sPlayAGameTests */ = {
			isa = PBXNativeTarget;
			buildConfigurationList = 18F3C00B1FBF002F00536B57 /* Build configuration list for PBXNativeTarget "Let'sPlayAGameTests" */;
			buildPhases = (
				18F3BFF01FBF002F00536B57 /* Sources */,
				18F3BFF11FBF002F00536B57 /* Frameworks */,
				18F3BFF21FBF002F00536B57 /* Resources */,
			);
			buildRules = (
			);
			dependencies = (
				18F3BFF61FBF002F00536B57 /* PBXTargetDependency */,
			);
			name = "Let'sPlayAGameTests";
			productName = "Let'sPlayAGameTests";
			productReference = 18F3BFF41FBF002F00536B57 /* Let'sPlayAGameTests.xctest */;
			productType = "com.apple.product-type.bundle.unit-test";
		};
		18F3BFFE1FBF002F00536B57 /* Let'sPlayAGameUITests */ = {
			isa = PBXNativeTarget;
			buildConfigurationList = 18F3C00E1FBF002F00536B57 /* Build configuration list for PBXNativeTarget "Let'sPlayAGameUITests" */;
			buildPhases = (
				18F3BFFB1FBF002F00536B57 /* Sources */,
				18F3BFFC1FBF002F00536B57 /* Frameworks */,
				18F3BFFD1FBF002F00536B57 /* Resources */,
			);
			buildRules = (
			);
			dependencies = (
				18F3C0011FBF002F00536B57 /* PBXTargetDependency */,
			);
			name = "Let'sPlayAGameUITests";
			productName = "Let'sPlayAGameUITests";
			productReference = 18F3BFFF1FBF002F00536B57 /* Let'sPlayAGameUITests.xctest */;
			productType = "com.apple.product-type.bundle.ui-testing";
		};
/* End PBXNativeTarget section */

/* Begin PBXProject section */
		18F3BFD51FBF002F00536B57 /* Project object */ = {
			isa = PBXProject;
			attributes = {
				LastSwiftUpdateCheck = 0910;
				LastUpgradeCheck = 0910;
				ORGANIZATIONNAME = apple;
				TargetAttributes = {
					18F3BFDC1FBF002F00536B57 = {
						CreatedOnToolsVersion = 9.1;
						ProvisioningStyle = Automatic;
					};
					18F3BFF31FBF002F00536B57 = {
						CreatedOnToolsVersion = 9.1;
						ProvisioningStyle = Automatic;
						TestTargetID = 18F3BFDC1FBF002F00536B57;
					};
					18F3BFFE1FBF002F00536B57 = {
						CreatedOnToolsVersion = 9.1;
						ProvisioningStyle = Automatic;
						TestTargetID = 18F3BFDC1FBF002F00536B57;
					};
				};
			};
			buildConfigurationList = 18F3BFD81FBF002F00536B57 /* Build configuration list for PBXProject "Let'sPlayAGame" */;
			compatibilityVersion = "Xcode 8.0";
			developmentRegion = en;
			hasScannedForEncodings = 0;
			knownRegions = (
				en,
				Base,
			);
			mainGroup = 18F3BFD41FBF002F00536B57;
			productRefGroup = 18F3BFDE1FBF002F00536B57 /* Products */;
			projectDirPath = "";
			projectRoot = "";
			targets = (
				18F3BFDC1FBF002F00536B57 /* Let'sPlayAGame */,
				18F3BFF31FBF002F00536B57 /* Let'sPlayAGameTests */,
				18F3BFFE1FBF002F00536B57 /* Let'sPlayAGameUITests */,
			);
		};
/* End PBXProject section */

/* Begin PBXResourcesBuildPhase section */
		18F3BFDB1FBF002F00536B57 /* Resources */ = {
			isa = PBXResourcesBuildPhase;
			buildActionMask = 2147483647;
			files = (
				18F3BFEE1FBF002F00536B57 /* LaunchScreen.storyboard in Resources */,
				18F3BFEB1FBF002F00536B57 /* Assets.xcassets in Resources */,
				18F3BFE61FBF002F00536B57 /* Main.storyboard in Resources */,
			);
			runOnlyForDeploymentPostprocessing = 0;
		};
		18F3BFF21FBF002F00536B57 /* Resources */ = {
			isa = PBXResourcesBuildPhase;
			buildActionMask = 2147483647;
			files = (
			);
			runOnlyForDeploymentPostprocessing = 0;
		};
		18F3BFFD1FBF002F00536B57 /* Resources */ = {
			isa = PBXResourcesBuildPhase;
			buildActionMask = 2147483647;
			files = (
			);
			runOnlyForDeploymentPostprocessing = 0;
		};
/* End PBXResourcesBuildPhase section */

/* Begin PBXSourcesBuildPhase section */
		18F3BFD91FBF002F00536B57 /* Sources */ = {
			isa = PBXSourcesBuildPhase;
			buildActionMask = 2147483647;
			files = (
				18F3BFE31FBF002F00536B57 /* ViewController.swift in Sources */,
				18F3BFE11FBF002F00536B57 /* AppDelegate.swift in Sources */,
				18F3BFE91FBF002F00536B57 /* Let_sPlayAGame.xcdatamodeld in Sources */,
			);
			runOnlyForDeploymentPostprocessing = 0;
		};
		18F3BFF01FBF002F00536B57 /* Sources */ = {
			isa = PBXSourcesBuildPhase;
			buildActionMask = 2147483647;
			files = (
				18F3BFF91FBF002F00536B57 /* Let_sPlayAGameTests.swift in Sources */,
			);
			runOnlyForDeploymentPostprocessing = 0;
		};
		18F3BFFB1FBF002F00536B57 /* Sources */ = {
			isa = PBXSourcesBuildPhase;
			buildActionMask = 2147483647;
			files = (
				18F3C0041FBF002F00536B57 /* Let_sPlayAGameUITests.swift in Sources */,
			);
			runOnlyForDeploymentPostprocessing = 0;
		};
/* End PBXSourcesBuildPhase section */

/* Begin PBXTargetDependency section */
		18F3BFF61FBF002F00536B57 /* PBXTargetDependency */ = {
			isa = PBXTargetDependency;
			target = 18F3BFDC1FBF002F00536B57 /* Let'sPlayAGame */;
			targetProxy = 18F3BFF51FBF002F00536B57 /* PBXContainerItemProxy */;
		};
		18F3C0011FBF002F00536B57 /* PBXTargetDependency */ = {
			isa = PBXTargetDependency;
			target = 18F3BFDC1FBF002F00536B57 /* Let'sPlayAGame */;
			targetProxy = 18F3C0001FBF002F00536B57 /* PBXContainerItemProxy */;
		};
/* End PBXTargetDependency section */

/* Begin PBXVariantGroup section */
		18F3BFE41FBF002F00536B57 /* Main.storyboard */ = {
			isa = PBXVariantGroup;
			children = (
				18F3BFE51FBF002F00536B57 /* Base */,
			);
			name = Main.storyboard;
			sourceTree = "<group>";
		};
		18F3BFEC1FBF002F00536B57 /* LaunchScreen.storyboard */ = {
			isa = PBXVariantGroup;
			children = (
				18F3BFED1FBF002F00536B57 /* Base */,
			);
			name = LaunchScreen.storyboard;
			sourceTree = "<group>";
		};
/* End PBXVariantGroup section */

/* Begin XCBuildConfiguration section */
		18F3C0061FBF002F00536B57 /* Debug */ = {
			isa = XCBuildConfiguration;
			buildSettings = {
				ALWAYS_SEARCH_USER_PATHS = NO;
				CLANG_ANALYZER_NONNULL = YES;
				CLANG_ANALYZER_NUMBER_OBJECT_CONVERSION = YES_AGGRESSIVE;
				CLANG_CXX_LANGUAGE_STANDARD = "gnu++14";
				CLANG_CXX_LIBRARY = "libc++";
				CLANG_ENABLE_MODULES = YES;
				CLANG_ENABLE_OBJC_ARC = YES;
				CLANG_WARN_BLOCK_CAPTURE_AUTORELEASING = YES;
				CLANG_WARN_BOOL_CONVERSION = YES;
				CLANG_WARN_COMMA = YES;
				CLANG_WARN_CONSTANT_CONVERSION = YES;
				CLANG_WARN_DIRECT_OBJC_ISA_USAGE = YES_ERROR;
				CLANG_WARN_DOCUMENTATION_COMMENTS = YES;
				CLANG_WARN_EMPTY_BODY = YES;
				CLANG_WARN_ENUM_CONVERSION = YES;
				CLANG_WARN_INFINITE_RECURSION = YES;
				CLANG_WARN_INT_CONVERSION = YES;
				CLANG_WARN_NON_LITERAL_NULL_CONVERSION = YES;
				CLANG_WARN_OBJC_LITERAL_CONVERSION = YES;
				CLANG_WARN_OBJC_ROOT_CLASS = YES_ERROR;
				CLANG_WARN_RANGE_LOOP_ANALYSIS = YES;
				CLANG_WARN_STRICT_PROTOTYPES = YES;
				CLANG_WARN_SUSPICIOUS_MOVE = YES;
				CLANG_WARN_UNGUARDED_AVAILABILITY = YES_AGGRESSIVE;
				CLANG_WARN_UNREACHABLE_CODE = YES;
				CLANG_WARN__DUPLICATE_METHOD_MATCH = YES;
				CODE_SIGN_IDENTITY = "iPhone Developer";
				COPY_PHASE_STRIP = NO;
				DEBUG_INFORMATION_FORMAT = dwarf;
				ENABLE_STRICT_OBJC_MSGSEND = YES;
				ENABLE_TESTABILITY = YES;
				GCC_C_LANGUAGE_STANDARD = gnu11;
				GCC_DYNAMIC_NO_PIC = NO;
				GCC_NO_COMMON_BLOCKS = YES;
				GCC_OPTIMIZATION_LEVEL = 0;
				GCC_PREPROCESSOR_DEFINITIONS = (
					"DEBUG=1",
					"$(inherited)",
				);
				GCC_WARN_64_TO_32_BIT_CONVERSION = YES;
				GCC_WARN_ABOUT_RETURN_TYPE = YES_ERROR;
				GCC_WARN_UNDECLARED_SELECTOR = YES;
				GCC_WARN_UNINITIALIZED_AUTOS = YES_AGGRESSIVE;
				GCC_WARN_UNUSED_FUNCTION = YES;
				GCC_WARN_UNUSED_VARIABLE = YES;
				IPHONEOS_DEPLOYMENT_TARGET = 11.1;
				MTL_ENABLE_DEBUG_INFO = YES;
				ONLY_ACTIVE_ARCH = YES;
				SDKROOT = iphoneos;
				SWIFT_ACTIVE_COMPILATION_CONDITIONS = DEBUG;
				SWIFT_OPTIMIZATION_LEVEL = "-Onone";
			};
			name = Debug;
		};
		18F3C0071FBF002F00536B57 /* Release */ = {
			isa = XCBuildConfiguration;
			buildSettings = {
				ALWAYS_SEARCH_USER_PATHS = NO;
				CLANG_ANALYZER_NONNULL = YES;
				CLANG_ANALYZER_NUMBER_OBJECT_CONVERSION = YES_AGGRESSIVE;
				CLANG_CXX_LANGUAGE_STANDARD = "gnu++14";
				CLANG_CXX_LIBRARY = "libc++";
				CLANG_ENABLE_MODULES = YES;
				CLANG_ENABLE_OBJC_ARC = YES;
				CLANG_WARN_BLOCK_CAPTURE_AUTORELEASING = YES;
				CLANG_WARN_BOOL_CONVERSION = YES;
				CLANG_WARN_COMMA = YES;
				CLANG_WARN_CONSTANT_CONVERSION = YES;
				CLANG_WARN_DIRECT_OBJC_ISA_USAGE = YES_ERROR;
				CLANG_WARN_DOCUMENTATION_COMMENTS = YES;
				CLANG_WARN_EMPTY_BODY = YES;
				CLANG_WARN_ENUM_CONVERSION = YES;
				CLANG_WARN_INFINITE_RECURSION = YES;
				CLANG_WARN_INT_CONVERSION = YES;
				CLANG_WARN_NON_LITERAL_NULL_CONVERSION = YES;
				CLANG_WARN_OBJC_LITERAL_CONVERSION = YES;
				CLANG_WARN_OBJC_ROOT_CLASS = YES_ERROR;
				CLANG_WARN_RANGE_LOOP_ANALYSIS = YES;
				CLANG_WARN_STRICT_PROTOTYPES = YES;
				CLANG_WARN_SUSPICIOUS_MOVE = YES;
				CLANG_WARN_UNGUARDED_AVAILABILITY = YES_AGGRESSIVE;
				CLANG_WARN_UNREACHABLE_CODE = YES;
				CLANG_WARN__DUPLICATE_METHOD_MATCH = YES;
				CODE_SIGN_IDENTITY = "iPhone Developer";
				COPY_PHASE_STRIP = NO;
				DEBUG_INFORMATION_FORMAT = "dwarf-with-dsym";
				ENABLE_NS_ASSERTIONS = NO;
				ENABLE_STRICT_OBJC_MSGSEND = YES;
				GCC_C_LANGUAGE_STANDARD = gnu11;
				GCC_NO_COMMON_BLOCKS = YES;
				GCC_WARN_64_TO_32_BIT_CONVERSION = YES;
				GCC_WARN_ABOUT_RETURN_TYPE = YES_ERROR;
				GCC_WARN_UNDECLARED_SELECTOR = YES;
				GCC_WARN_UNINITIALIZED_AUTOS = YES_AGGRESSIVE;
				GCC_WARN_UNUSED_FUNCTION = YES;
				GCC_WARN_UNUSED_VARIABLE = YES;
				IPHONEOS_DEPLOYMENT_TARGET = 11.1;
				MTL_ENABLE_DEBUG_INFO = NO;
				SDKROOT = iphoneos;
				SWIFT_OPTIMIZATION_LEVEL = "-Owholemodule";
				VALIDATE_PRODUCT = YES;
			};
			name = Release;
		};
		18F3C0091FBF002F00536B57 /* Debug */ = {
			isa = XCBuildConfiguration;
			buildSettings = {
				ASSETCATALOG_COMPILER_APPICON_NAME = AppIcon;
				CODE_SIGN_STYLE = Automatic;
				INFOPLIST_FILE = "Let'sPlayAGame/Info.plist";
				IPHONEOS_DEPLOYMENT_TARGET = 10.0;
				LD_RUNPATH_SEARCH_PATHS = "$(inherited) @executable_path/Frameworks";
				PRODUCT_BUNDLE_IDENTIFIER = "kskroa.Let-sPlayAGame";
				PRODUCT_NAME = "$(TARGET_NAME)";
				SWIFT_VERSION = 4.0;
				TARGETED_DEVICE_FAMILY = 1;
			};
			name = Debug;
		};
		18F3C00A1FBF002F00536B57 /* Release */ = {
			isa = XCBuildConfiguration;
			buildSettings = {
				ASSETCATALOG_COMPILER_APPICON_NAME = AppIcon;
				CODE_SIGN_STYLE = Automatic;
				INFOPLIST_FILE = "Let'sPlayAGame/Info.plist";
				IPHONEOS_DEPLOYMENT_TARGET = 10.0;
				LD_RUNPATH_SEARCH_PATHS = "$(inherited) @executable_path/Frameworks";
				PRODUCT_BUNDLE_IDENTIFIER = "kskroa.Let-sPlayAGame";
				PRODUCT_NAME = "$(TARGET_NAME)";
				SWIFT_VERSION = 4.0;
				TARGETED_DEVICE_FAMILY = 1;
			};
			name = Release;
		};
		18F3C00C1FBF002F00536B57 /* Debug */ = {
			isa = XCBuildConfiguration;
			buildSettings = {
				ALWAYS_EMBED_SWIFT_STANDARD_LIBRARIES = YES;
				BUNDLE_LOADER = "$(TEST_HOST)";
				CODE_SIGN_STYLE = Automatic;
				INFOPLIST_FILE = "Let'sPlayAGameTests/Info.plist";
				LD_RUNPATH_SEARCH_PATHS = "$(inherited) @executable_path/Frameworks @loader_path/Frameworks";
				PRODUCT_BUNDLE_IDENTIFIER = "kskroa.Let-sPlayAGameTests";
				PRODUCT_NAME = "$(TARGET_NAME)";
				SWIFT_VERSION = 4.0;
				TARGETED_DEVICE_FAMILY = "1,2";
				TEST_HOST = "$(BUILT_PRODUCTS_DIR)/Let'sPlayAGame.app/Let'sPlayAGame";
			};
			name = Debug;
		};
		18F3C00D1FBF002F00536B57 /* Release */ = {
			isa = XCBuildConfiguration;
			buildSettings = {
				ALWAYS_EMBED_SWIFT_STANDARD_LIBRARIES = YES;
				BUNDLE_LOADER = "$(TEST_HOST)";
				CODE_SIGN_STYLE = Automatic;
				INFOPLIST_FILE = "Let'sPlayAGameTests/Info.plist";
				LD_RUNPATH_SEARCH_PATHS = "$(inherited) @executable_path/Frameworks @loader_path/Frameworks";
				PRODUCT_BUNDLE_IDENTIFIER = "kskroa.Let-sPlayAGameTests";
				PRODUCT_NAME = "$(TARGET_NAME)";
				SWIFT_VERSION = 4.0;
				TARGETED_DEVICE_FAMILY = "1,2";
				TEST_HOST = "$(BUILT_PRODUCTS_DIR)/Let'sPlayAGame.app/Let'sPlayAGame";
			};
			name = Release;
		};
		18F3C00F1FBF002F00536B57 /* Debug */ = {
			isa = XCBuildConfiguration;
			buildSettings = {
				ALWAYS_EMBED_SWIFT_STANDARD_LIBRARIES = YES;
				CODE_SIGN_STYLE = Automatic;
				INFOPLIST_FILE = "Let'sPlayAGameUITests/Info.plist";
				LD_RUNPATH_SEARCH_PATHS = "$(inherited) @executable_path/Frameworks @loader_path/Frameworks";
				PRODUCT_BUNDLE_IDENTIFIER = "kskroa.Let-sPlayAGameUITests";
				PRODUCT_NAME = "$(TARGET_NAME)";
				SWIFT_VERSION = 4.0;
				TARGETED_DEVICE_FAMILY = "1,2";
				TEST_TARGET_NAME = "Let'sPlayAGame";
			};
			name = Debug;
		};
		18F3C0101FBF002F00536B57 /* Release */ = {
			isa = XCBuildConfiguration;
			buildSettings = {
				ALWAYS_EMBED_SWIFT_STANDARD_LIBRARIES = YES;
				CODE_SIGN_STYLE = Automatic;
				INFOPLIST_FILE = "Let'sPlayAGameUITests/Info.plist";
				LD_RUNPATH_SEARCH_PATHS = "$(inherited) @executable_path/Frameworks @loader_path/Frameworks";
				PRODUCT_BUNDLE_IDENTIFIER = "kskroa.Let-sPlayAGameUITests";
				PRODUCT_NAME = "$(TARGET_NAME)";
				SWIFT_VERSION = 4.0;
				TARGETED_DEVICE_FAMILY = "1,2";
				TEST_TARGET_NAME = "Let'sPlayAGame";
			};
			name = Release;
		};
/* End XCBuildConfiguration section */

/* Begin XCConfigurationList section */
		18F3BFD81FBF002F00536B57 /* Build configuration list for PBXProject "Let'sPlayAGame" */ = {
			isa = XCConfigurationList;
			buildConfigurations = (
				18F3C0061FBF002F00536B57 /* Debug */,
				18F3C0071FBF002F00536B57 /* Release */,
			);
			defaultConfigurationIsVisible = 0;
			defaultConfigurationName = Release;
		};
		18F3C0081FBF002F00536B57 /* Build configuration list for PBXNativeTarget "Let'sPlayAGame" */ = {
			isa = XCConfigurationList;
			buildConfigurations = (
				18F3C0091FBF002F00536B57 /* Debug */,
				18F3C00A1FBF002F00536B57 /* Release */,
			);
			defaultConfigurationIsVisible = 0;
			defaultConfigurationName = Release;
		};
		18F3C00B1FBF002F00536B57 /* Build configuration list for PBXNativeTarget "Let'sPlayAGameTests" */ = {
			isa = XCConfigurationList;
			buildConfigurations = (
				18F3C00C1FBF002F00536B57 /* Debug */,
				18F3C00D1FBF002F00536B57 /* Release */,
			);
			defaultConfigurationIsVisible = 0;
			defaultConfigurationName = Release;
		};
		18F3C00E1FBF002F00536B57 /* Build configuration list for PBXNativeTarget "Let'sPlayAGameUITests" */ = {
			isa = XCConfigurationList;
			buildConfigurations = (
				18F3C00F1FBF002F00536B57 /* Debug */,
				18F3C0101FBF002F00536B57 /* Release */,
			);
			defaultConfigurationIsVisible = 0;
			defaultConfigurationName = Release;
		};
/* End XCConfigurationList section */

/* Begin XCVersionGroup section */
		18F3BFE71FBF002F00536B57 /* Let_sPlayAGame.xcdatamodeld */ = {
			isa = XCVersionGroup;
			children = (
				18F3BFE81FBF002F00536B57 /* Let_sPlayAGame.xcdatamodel */,
			);
			currentVersion = 18F3BFE81FBF002F00536B57 /* Let_sPlayAGame.xcdatamodel */;
			path = Let_sPlayAGame.xcdatamodeld;
			sourceTree = "<group>";
			versionGroupType = wrapper.xcdatamodel;
		};
/* End XCVersionGroup section */
	};
	rootObject = 18F3BFD51FBF002F00536B57 /* Project object */;
}
